{
  "name": "proto2solo",
  "lockfileVersion": 3,
  "requires": true,
  "packages": {
    "": {
      "dependencies": {
        "crisp-game-lib": "^1.1.1"
      }
    },
    "node_modules/crisp-game-lib": {
      "version": "1.1.1",
      "resolved": "https://registry.npmjs.org/crisp-game-lib/-/crisp-game-lib-1.1.1.tgz",
      "integrity": "sha512-agv/YtEkFIFNVwABeNxwtn2SfWEOsZHt3bts1jSCOJuy4/OaVz1DWXdPKcwKycnj77CiG+3OK2Xdq6KuSF7mYA=="
    }
  }
}
